
Microsoft Visual Studio Solution File, Format Version 12.00
# Visual Studio Version 16
VisualStudioVersion = 16.0.30011.22
MinimumVisualStudioVersion = 10.0.40219.1
Project("{8BC9CEB8-8B4A-11D0-8D11-00A0C91BC942}") = "second_magma", "second_magma\second_magma.vcxproj", "{AB1C170E-CE79-4804-877E-F7A830915785}"
EndProject
Global
	GlobalSection(SolutionConfigurationPlatforms) = preSolution
		Debug|x64 = Debug|x64
		Debug|x86 = Debug|x86
		Release|x64 = Release|x64
		Release|x86 = Release|x86
	EndGlobalSection
	GlobalSection(ProjectConfigurationPlatforms) = postSolution
		{AB1C170E-CE79-4804-877E-F7A830915785}.Debug|x64.ActiveCfg = Debug|x64
		{AB1C170E-CE79-4804-877E-F7A830915785}.Debug|x64.Build.0 = Debug|x64
		{AB1C170E-CE79-4804-877E-F7A830915785}.Debug|x86.ActiveCfg = Debug|Win32
		{AB1C170E-CE79-4804-877E-F7A830915785}.Debug|x86.Build.0 = Debug|Win32
		{AB1C170E-CE79-4804-877E-F7A830915785}.Release|x64.ActiveCfg = Release|x64
		{AB1C170E-CE79-4804-877E-F7A830915785}.Release|x64.Build.0 = Release|x64
		{AB1C170E-CE79-4804-877E-F7A830915785}.Release|x86.ActiveCfg = Release|Win32
		{AB1C170E-CE79-4804-877E-F7A830915785}.Release|x86.Build.0 = Release|Win32
	EndGlobalSection
	GlobalSection(SolutionProperties) = preSolution
		HideSolutionNode = FALSE
	EndGlobalSection
	GlobalSection(ExtensibilityGlobals) = postSolution
		SolutionGuid = {DC52614E-9B23-4662-9B29-726D9BF0CF2A}
	EndGlobalSection
EndGlobal
